
Microsoft Visual Studio Solution File, Format Version 12.00
# Visual Studio Version 16
VisualStudioVersion = 16.0.30611.23
MinimumVisualStudioVersion = 10.0.40219.1
Project("{9A19103F-16F7-4668-BE54-9A1E7A4F7556}") = "Web2Project_FoodDelivery", "Web2Project_FoodDelivery\Web2Project_FoodDelivery.csproj", "{02833E25-4A56-4A40-951E-93AADF2AB35F}"
EndProject
Global
	GlobalSection(SolutionConfigurationPlatforms) = preSolution
		Debug|Any CPU = Debug|Any CPU
		Release|Any CPU = Release|Any CPU
	EndGlobalSection
	GlobalSection(ProjectConfigurationPlatforms) = postSolution
		{02833E25-4A56-4A40-951E-93AADF2AB35F}.Debug|Any CPU.ActiveCfg = Debug|Any CPU
		{02833E25-4A56-4A40-951E-93AADF2AB35F}.Debug|Any CPU.Build.0 = Debug|Any CPU
		{02833E25-4A56-4A40-951E-93AADF2AB35F}.Release|Any CPU.ActiveCfg = Release|Any CPU
		{02833E25-4A56-4A40-951E-93AADF2AB35F}.Release|Any CPU.Build.0 = Release|Any CPU
	EndGlobalSection
	GlobalSection(SolutionProperties) = preSolution
		HideSolutionNode = FALSE
	EndGlobalSection
	GlobalSection(ExtensibilityGlobals) = postSolution
		SolutionGuid = {E2CE5E3A-3F5A-47C8-8BC8-7C9F3C27F8D9}
	EndGlobalSection
EndGlobal
